// !$*UTF8*$!
{
	archiveVersion = 1;
	classes = {
	};
	objectVersion = 46;
	objects = {

/* Begin PBXBuildFile section */
		DD4BD4B717B44217004A0C70 /* UIKit.framework in Frameworks */ = {isa = PBXBuildFile; fileRef = DD4BD4B617B44217004A0C70 /* UIKit.framework */; };
		DD4BD4B917B44217004A0C70 /* Foundation.framework in Frameworks */ = {isa = PBXBuildFile; fileRef = DD4BD4B817B44217004A0C70 /* Foundation.framework */; };
		DD4BD4BB17B44217004A0C70 /* CoreGraphics.framework in Frameworks */ = {isa = PBXBuildFile; fileRef = DD4BD4BA17B44217004A0C70 /* CoreGraphics.framework */; };
		DD4BD4C117B44217004A0C70 /* InfoPlist.strings in Resources */ = {isa = PBXBuildFile; fileRef = DD4BD4BF17B44217004A0C70 /* InfoPlist.strings */; };
		DD4BD4C317B44217004A0C70 /* main.m in Sources */ = {isa = PBXBuildFile; fileRef = DD4BD4C217B44217004A0C70 /* main.m */; };
		DD4BD4C717B44217004A0C70 /* AppDelegate.m in Sources */ = {isa = PBXBuildFile; fileRef = DD4BD4C617B44217004A0C70 /* AppDelegate.m */; };
		DD4BD4C917B44217004A0C70 /* Default.png in Resources */ = {isa = PBXBuildFile; fileRef = DD4BD4C817B44217004A0C70 /* Default.png */; };
		DD4BD4CB17B44217004A0C70 /* Default@2x.png in Resources */ = {isa = PBXBuildFile; fileRef = DD4BD4CA17B44217004A0C70 /* Default@2x.png */; };
		DD4BD4CD17B44217004A0C70 /* Default-568h@2x.png in Resources */ = {isa = PBXBuildFile; fileRef = DD4BD4CC17B44217004A0C70 /* Default-568h@2x.png */; };
		DD4BD4D017B44217004A0C70 /* MainStoryboard.storyboard in Resources */ = {isa = PBXBuildFile; fileRef = DD4BD4CE17B44217004A0C70 /* MainStoryboard.storyboard */; };
		DD4BD4DB17B44217004A0C70 /* SenTestingKit.framework in Frameworks */ = {isa = PBXBuildFile; fileRef = DD4BD4DA17B44217004A0C70 /* SenTestingKit.framework */; };
		DD4BD4DC17B44217004A0C70 /* UIKit.framework in Frameworks */ = {isa = PBXBuildFile; fileRef = DD4BD4B617B44217004A0C70 /* UIKit.framework */; };
		DD4BD4DD17B44217004A0C70 /* Foundation.framework in Frameworks */ = {isa = PBXBuildFile; fileRef = DD4BD4B817B44217004A0C70 /* Foundation.framework */; };
		DD4BD4E517B44217004A0C70 /* InfoPlist.strings in Resources */ = {isa = PBXBuildFile; fileRef = DD4BD4E317B44217004A0C70 /* InfoPlist.strings */; };
		DD4BD4E817B44217004A0C70 /* Pace_RaceTests.m in Sources */ = {isa = PBXBuildFile; fileRef = DD4BD4E717B44217004A0C70 /* Pace_RaceTests.m */; };
		DD4BD53B17B74401004A0C70 /* CoreLocation.framework in Frameworks */ = {isa = PBXBuildFile; fileRef = DD4BD53A17B74401004A0C70 /* CoreLocation.framework */; };
		DD79564717FB402F00844A38 /* CreateGroupViewController.m in Sources */ = {isa = PBXBuildFile; fileRef = DD79564617FB402F00844A38 /* CreateGroupViewController.m */; };
		DD79564A17FB411E00844A38 /* mydatamodel.xcdatamodeld in Sources */ = {isa = PBXBuildFile; fileRef = DD79564817FB411E00844A38 /* mydatamodel.xcdatamodeld */; };
		DD79564D17FB448700844A38 /* Groups.m in Sources */ = {isa = PBXBuildFile; fileRef = DD79564C17FB448700844A38 /* Groups.m */; };
		DD79565017FD078B00844A38 /* Store.m in Sources */ = {isa = PBXBuildFile; fileRef = DD79564F17FD078B00844A38 /* Store.m */; };
		DD79565217FDFE3C00844A38 /* 20-gear2.png in Resources */ = {isa = PBXBuildFile; fileRef = DD79565117FDFE3C00844A38 /* 20-gear2.png */; };
		DD79566117FE0E2000844A38 /* PreferencesListViewController.m in Sources */ = {isa = PBXBuildFile; fileRef = DD79566017FE0E2000844A38 /* PreferencesListViewController.m */; };
		DD79567C1807987500844A38 /* SetGenderViewController.m in Sources */ = {isa = PBXBuildFile; fileRef = DD79567B1807987500844A38 /* SetGenderViewController.m */; };
		DD7956811807A03100844A38 /* SetAgeViewController.m in Sources */ = {isa = PBXBuildFile; fileRef = DD7956801807A03100844A38 /* SetAgeViewController.m */; };
		DD7956871807A04A00844A38 /* SetWeightViewController.m in Sources */ = {isa = PBXBuildFile; fileRef = DD7956861807A04A00844A38 /* SetWeightViewController.m */; };
		DD79568D18086FBC00844A38 /* SetHeightViewController.m in Sources */ = {isa = PBXBuildFile; fileRef = DD79568C18086FBC00844A38 /* SetHeightViewController.m */; };
		DD795690180879E700844A38 /* SetLocationViewController.m in Sources */ = {isa = PBXBuildFile; fileRef = DD79568F180879E700844A38 /* SetLocationViewController.m */; };
		DD7956931808D1D600844A38 /* SetUsernameViewController.m in Sources */ = {isa = PBXBuildFile; fileRef = DD7956921808D1D600844A38 /* SetUsernameViewController.m */; };
		DD7956991808E03F00844A38 /* UserDefaults.plist in Resources */ = {isa = PBXBuildFile; fileRef = DD7956981808E03F00844A38 /* UserDefaults.plist */; };
		DD8BD4C917E9486700D6C8D0 /* MapKit.framework in Frameworks */ = {isa = PBXBuildFile; fileRef = DD8BD4C817E9486700D6C8D0 /* MapKit.framework */; };
		DD8CE15F17C6F6C700F48885 /* SWRevealViewController.m in Sources */ = {isa = PBXBuildFile; fileRef = DD8CE15E17C6F6C700F48885 /* SWRevealViewController.m */; };
		DD8CE17617C99C4100F48885 /* LoginViewController.m in Sources */ = {isa = PBXBuildFile; fileRef = DD8CE17517C99C4100F48885 /* LoginViewController.m */; };
		DD8CE17C17C9A13900F48885 /* RaceHistoryViewController.m in Sources */ = {isa = PBXBuildFile; fileRef = DD8CE17B17C9A13900F48885 /* RaceHistoryViewController.m */; };
		DD8CE17F17C9A41D00F48885 /* ConnectViewController.m in Sources */ = {isa = PBXBuildFile; fileRef = DD8CE17E17C9A41D00F48885 /* ConnectViewController.m */; };
		DD8CE18217C9A4F500F48885 /* NextRunViewController.m in Sources */ = {isa = PBXBuildFile; fileRef = DD8CE18117C9A4F500F48885 /* NextRunViewController.m */; };
		DD8CE18517C9A96E00F48885 /* MainViewController.m in Sources */ = {isa = PBXBuildFile; fileRef = DD8CE18417C9A96E00F48885 /* MainViewController.m */; };
		DD8CE1A517C9AEAA00F48885 /* SidebarViewController.m in Sources */ = {isa = PBXBuildFile; fileRef = DD8CE1A417C9AEAA00F48885 /* SidebarViewController.m */; };
		DD8CE1A717C9AF6E00F48885 /* menu.png in Resources */ = {isa = PBXBuildFile; fileRef = DD8CE1A617C9AF6D00F48885 /* menu.png */; };
		DD8CE1A917C9B23D00F48885 /* Social.framework in Frameworks */ = {isa = PBXBuildFile; fileRef = DD8CE1A817C9B23D00F48885 /* Social.framework */; };
		DD8F094517E1492A008EBE5D /* Entity.m in Sources */ = {isa = PBXBuildFile; fileRef = DD8F094417E1492A008EBE5D /* Entity.m */; };
		DD8F094A17E152DE008EBE5D /* AdSupport.framework in Frameworks */ = {isa = PBXBuildFile; fileRef = DD8F094917E152DE008EBE5D /* AdSupport.framework */; };
		DD8F094C17E15311008EBE5D /* FacebookSDK.framework in Frameworks */ = {isa = PBXBuildFile; fileRef = DD8F094B17E15311008EBE5D /* FacebookSDK.framework */; };
		DD8F095217E1546A008EBE5D /* FacebookLoginViewController.m in Sources */ = {isa = PBXBuildFile; fileRef = DD8F095117E1546A008EBE5D /* FacebookLoginViewController.m */; };
		DD8F096317E15E3A008EBE5D /* TwitterLoginViewController.m in Sources */ = {isa = PBXBuildFile; fileRef = DD8F096217E15E3A008EBE5D /* TwitterLoginViewController.m */; };
		DD8F096E17E16667008EBE5D /* NSData+Base64.m in Sources */ = {isa = PBXBuildFile; fileRef = DD8F096717E16667008EBE5D /* NSData+Base64.m */; };
		DD8F096F17E16667008EBE5D /* OAuth+Additions.m in Sources */ = {isa = PBXBuildFile; fileRef = DD8F096917E16667008EBE5D /* OAuth+Additions.m */; };
		DD8F097017E16667008EBE5D /* OAuthCore.m in Sources */ = {isa = PBXBuildFile; fileRef = DD8F096B17E16667008EBE5D /* OAuthCore.m */; };
		DD8F097117E16667008EBE5D /* SMTwitterCredentials.m in Sources */ = {isa = PBXBuildFile; fileRef = DD8F096D17E16667008EBE5D /* SMTwitterCredentials.m */; };
		DD8F097317E16A54008EBE5D /* Twitter.framework in Frameworks */ = {isa = PBXBuildFile; fileRef = DD8F097217E16A54008EBE5D /* Twitter.framework */; };
		DD8F097517E16A61008EBE5D /* Accounts.framework in Frameworks */ = {isa = PBXBuildFile; fileRef = DD8F097417E16A61008EBE5D /* Accounts.framework */; };
		DD8F098117E2C180008EBE5D /* User.m in Sources */ = {isa = PBXBuildFile; fileRef = DD8F098017E2C180008EBE5D /* User.m */; };
		DD8F098417E2C4A4008EBE5D /* CreateUserViewController.m in Sources */ = {isa = PBXBuildFile; fileRef = DD8F098317E2C4A4008EBE5D /* CreateUserViewController.m */; };
		DD8F099317E3A854008EBE5D /* MatchupListViewController.m in Sources */ = {isa = PBXBuildFile; fileRef = DD8F099217E3A854008EBE5D /* MatchupListViewController.m */; };
		DD8F099917E75893008EBE5D /* HomeViewController.m in Sources */ = {isa = PBXBuildFile; fileRef = DD8F099817E75893008EBE5D /* HomeViewController.m */; };
		DD8F099C17E79A3F008EBE5D /* Todo.m in Sources */ = {isa = PBXBuildFile; fileRef = DD8F099B17E79A3F008EBE5D /* Todo.m */; };
		DDA15F6D17E0013500B0A6CF /* CHANGELOG.md in Resources */ = {isa = PBXBuildFile; fileRef = DDA15F3517E0013500B0A6CF /* CHANGELOG.md */; };
		DDA15F6E17E0013500B0A6CF /* libstackmob-v2.1.1.a in Frameworks */ = {isa = PBXBuildFile; fileRef = DDA15F6C17E0013500B0A6CF /* libstackmob-v2.1.1.a */; };
		DDA15F7017E0015500B0A6CF /* CoreData.framework in Frameworks */ = {isa = PBXBuildFile; fileRef = DDA15F6F17E0015500B0A6CF /* CoreData.framework */; };
		DDA15F7217E0016B00B0A6CF /* Security.framework in Frameworks */ = {isa = PBXBuildFile; fileRef = DDA15F7117E0016B00B0A6CF /* Security.framework */; };
		DDA15F7417E0017200B0A6CF /* SystemConfiguration.framework in Frameworks */ = {isa = PBXBuildFile; fileRef = DDA15F7317E0017200B0A6CF /* SystemConfiguration.framework */; };
		DDA15F7617E0017900B0A6CF /* MobileCoreServices.framework in Frameworks */ = {isa = PBXBuildFile; fileRef = DDA15F7517E0017900B0A6CF /* MobileCoreServices.framework */; };
		DDB2526817F79B590090D210 /* StartRunTimerViewController.m in Sources */ = {isa = PBXBuildFile; fileRef = DDB2526717F79B590090D210 /* StartRunTimerViewController.m */; };
		DDB2526B17F79BCD0090D210 /* SoloRunViewController.m in Sources */ = {isa = PBXBuildFile; fileRef = DDB2526A17F79BCD0090D210 /* SoloRunViewController.m */; };
		DDB2526E17F79CBB0090D210 /* RaceFinishedViewController.m in Sources */ = {isa = PBXBuildFile; fileRef = DDB2526D17F79CBB0090D210 /* RaceFinishedViewController.m */; };
		DDB2527117FB12F50090D210 /* MatchupGroupListViewController.m in Sources */ = {isa = PBXBuildFile; fileRef = DDB2527017FB12F50090D210 /* MatchupGroupListViewController.m */; };
/* End PBXBuildFile section */

/* Begin PBXContainerItemProxy section */
		DD4BD4DE17B44217004A0C70 /* PBXContainerItemProxy */ = {
			isa = PBXContainerItemProxy;
			containerPortal = DD4BD4AB17B44217004A0C70 /* Project object */;
			proxyType = 1;
			remoteGlobalIDString = DD4BD4B217B44217004A0C70;
			remoteInfo = "Pace Race";
		};
/* End PBXContainerItemProxy section */

/* Begin PBXFileReference section */
		DD4BD4B317B44217004A0C70 /* Pace Race.app */ = {isa = PBXFileReference; explicitFileType = wrapper.application; includeInIndex = 0; path = "Pace Race.app"; sourceTree = BUILT_PRODUCTS_DIR; };
		DD4BD4B617B44217004A0C70 /* UIKit.framework */ = {isa = PBXFileReference; lastKnownFileType = wrapper.framework; name = UIKit.framework; path = System/Library/Frameworks/UIKit.framework; sourceTree = SDKROOT; };
		DD4BD4B817B44217004A0C70 /* Foundation.framework */ = {isa = PBXFileReference; lastKnownFileType = wrapper.framework; name = Foundation.framework; path = System/Library/Frameworks/Foundation.framework; sourceTree = SDKROOT; };
		DD4BD4BA17B44217004A0C70 /* CoreGraphics.framework */ = {isa = PBXFileReference; lastKnownFileType = wrapper.framework; name = CoreGraphics.framework; path = System/Library/Frameworks/CoreGraphics.framework; sourceTree = SDKROOT; };
		DD4BD4BE17B44217004A0C70 /* Pace Race-Info.plist */ = {isa = PBXFileReference; lastKnownFileType = text.plist.xml; path = "Pace Race-Info.plist"; sourceTree = "<group>"; };
		DD4BD4C017B44217004A0C70 /* en */ = {isa = PBXFileReference; lastKnownFileType = text.plist.strings; name = en; path = en.lproj/InfoPlist.strings; sourceTree = "<group>"; };
		DD4BD4C217B44217004A0C70 /* main.m */ = {isa = PBXFileReference; lastKnownFileType = sourcecode.c.objc; path = main.m; sourceTree = "<group>"; };
		DD4BD4C417B44217004A0C70 /* Pace Race-Prefix.pch */ = {isa = PBXFileReference; lastKnownFileType = sourcecode.c.h; path = "Pace Race-Prefix.pch"; sourceTree = "<group>"; };
		DD4BD4C517B44217004A0C70 /* AppDelegate.h */ = {isa = PBXFileReference; lastKnownFileType = sourcecode.c.h; path = AppDelegate.h; sourceTree = "<group>"; };
		DD4BD4C617B44217004A0C70 /* AppDelegate.m */ = {isa = PBXFileReference; lastKnownFileType = sourcecode.c.objc; path = AppDelegate.m; sourceTree = "<group>"; };
		DD4BD4C817B44217004A0C70 /* Default.png */ = {isa = PBXFileReference; lastKnownFileType = image.png; path = Default.png; sourceTree = "<group>"; };
		DD4BD4CA17B44217004A0C70 /* Default@2x.png */ = {isa = PBXFileReference; lastKnownFileType = image.png; path = "Default@2x.png"; sourceTree = "<group>"; };
		DD4BD4CC17B44217004A0C70 /* Default-568h@2x.png */ = {isa = PBXFileReference; lastKnownFileType = image.png; path = "Default-568h@2x.png"; sourceTree = "<group>"; };
		DD4BD4CF17B44217004A0C70 /* en */ = {isa = PBXFileReference; lastKnownFileType = file.storyboard; name = en; path = en.lproj/MainStoryboard.storyboard; sourceTree = "<group>"; };
		DD4BD4D917B44217004A0C70 /* Pace RaceTests.octest */ = {isa = PBXFileReference; explicitFileType = wrapper.cfbundle; includeInIndex = 0; path = "Pace RaceTests.octest"; sourceTree = BUILT_PRODUCTS_DIR; };
		DD4BD4DA17B44217004A0C70 /* SenTestingKit.framework */ = {isa = PBXFileReference; lastKnownFileType = wrapper.framework; name = SenTestingKit.framework; path = Library/Frameworks/SenTestingKit.framework; sourceTree = DEVELOPER_DIR; };
		DD4BD4E217B44217004A0C70 /* Pace RaceTests-Info.plist */ = {isa = PBXFileReference; lastKnownFileType = text.plist.xml; path = "Pace RaceTests-Info.plist"; sourceTree = "<group>"; };
		DD4BD4E417B44217004A0C70 /* en */ = {isa = PBXFileReference; lastKnownFileType = text.plist.strings; name = en; path = en.lproj/InfoPlist.strings; sourceTree = "<group>"; };
		DD4BD4E617B44217004A0C70 /* Pace_RaceTests.h */ = {isa = PBXFileReference; lastKnownFileType = sourcecode.c.h; path = Pace_RaceTests.h; sourceTree = "<group>"; };
		DD4BD4E717B44217004A0C70 /* Pace_RaceTests.m */ = {isa = PBXFileReference; lastKnownFileType = sourcecode.c.objc; path = Pace_RaceTests.m; sourceTree = "<group>"; };
		DD4BD53A17B74401004A0C70 /* CoreLocation.framework */ = {isa = PBXFileReference; lastKnownFileType = wrapper.framework; name = CoreLocation.framework; path = System/Library/Frameworks/CoreLocation.framework; sourceTree = SDKROOT; };
		DD79564517FB402F00844A38 /* CreateGroupViewController.h */ = {isa = PBXFileReference; fileEncoding = 4; lastKnownFileType = sourcecode.c.h; path = CreateGroupViewController.h; sourceTree = "<group>"; };
		DD79564617FB402F00844A38 /* CreateGroupViewController.m */ = {isa = PBXFileReference; fileEncoding = 4; lastKnownFileType = sourcecode.c.objc; path = CreateGroupViewController.m; sourceTree = "<group>"; };
		DD79564917FB411E00844A38 /* mydatamodel.xcdatamodel */ = {isa = PBXFileReference; lastKnownFileType = wrapper.xcdatamodel; path = mydatamodel.xcdatamodel; sourceTree = "<group>"; };
		DD79564B17FB448700844A38 /* Groups.h */ = {isa = PBXFileReference; fileEncoding = 4; lastKnownFileType = sourcecode.c.h; path = Groups.h; sourceTree = "<group>"; };
		DD79564C17FB448700844A38 /* Groups.m */ = {isa = PBXFileReference; fileEncoding = 4; lastKnownFileType = sourcecode.c.objc; path = Groups.m; sourceTree = "<group>"; };
		DD79564E17FD078B00844A38 /* Store.h */ = {isa = PBXFileReference; fileEncoding = 4; lastKnownFileType = sourcecode.c.h; path = Store.h; sourceTree = "<group>"; };
		DD79564F17FD078B00844A38 /* Store.m */ = {isa = PBXFileReference; fileEncoding = 4; lastKnownFileType = sourcecode.c.objc; path = Store.m; sourceTree = "<group>"; };
		DD79565117FDFE3C00844A38 /* 20-gear2.png */ = {isa = PBXFileReference; lastKnownFileType = image.png; path = "20-gear2.png"; sourceTree = "<group>"; };
		DD79565F17FE0E2000844A38 /* PreferencesListViewController.h */ = {isa = PBXFileReference; fileEncoding = 4; lastKnownFileType = sourcecode.c.h; path = PreferencesListViewController.h; sourceTree = "<group>"; };
		DD79566017FE0E2000844A38 /* PreferencesListViewController.m */ = {isa = PBXFileReference; fileEncoding = 4; lastKnownFileType = sourcecode.c.objc; path = PreferencesListViewController.m; sourceTree = "<group>"; };
		DD79567A1807987500844A38 /* SetGenderViewController.h */ = {isa = PBXFileReference; fileEncoding = 4; lastKnownFileType = sourcecode.c.h; path = SetGenderViewController.h; sourceTree = "<group>"; };
		DD79567B1807987500844A38 /* SetGenderViewController.m */ = {isa = PBXFileReference; fileEncoding = 4; lastKnownFileType = sourcecode.c.objc; path = SetGenderViewController.m; sourceTree = "<group>"; };
		DD79567F1807A03100844A38 /* SetAgeViewController.h */ = {isa = PBXFileReference; fileEncoding = 4; lastKnownFileType = sourcecode.c.h; path = SetAgeViewController.h; sourceTree = "<group>"; };
		DD7956801807A03100844A38 /* SetAgeViewController.m */ = {isa = PBXFileReference; fileEncoding = 4; lastKnownFileType = sourcecode.c.objc; path = SetAgeViewController.m; sourceTree = "<group>"; };
		DD7956851807A04A00844A38 /* SetWeightViewController.h */ = {isa = PBXFileReference; fileEncoding = 4; lastKnownFileType = sourcecode.c.h; path = SetWeightViewController.h; sourceTree = "<group>"; };
		DD7956861807A04A00844A38 /* SetWeightViewController.m */ = {isa = PBXFileReference; fileEncoding = 4; lastKnownFileType = sourcecode.c.objc; path = SetWeightViewController.m; sourceTree = "<group>"; };
		DD79568B18086FBC00844A38 /* SetHeightViewController.h */ = {isa = PBXFileReference; fileEncoding = 4; lastKnownFileType = sourcecode.c.h; path = SetHeightViewController.h; sourceTree = "<group>"; };
		DD79568C18086FBC00844A38 /* SetHeightViewController.m */ = {isa = PBXFileReference; fileEncoding = 4; lastKnownFileType = sourcecode.c.objc; path = SetHeightViewController.m; sourceTree = "<group>"; };
		DD79568E180879E700844A38 /* SetLocationViewController.h */ = {isa = PBXFileReference; fileEncoding = 4; lastKnownFileType = sourcecode.c.h; path = SetLocationViewController.h; sourceTree = "<group>"; };
		DD79568F180879E700844A38 /* SetLocationViewController.m */ = {isa = PBXFileReference; fileEncoding = 4; lastKnownFileType = sourcecode.c.objc; path = SetLocationViewController.m; sourceTree = "<group>"; };
		DD7956911808D1D600844A38 /* SetUsernameViewController.h */ = {isa = PBXFileReference; fileEncoding = 4; lastKnownFileType = sourcecode.c.h; path = SetUsernameViewController.h; sourceTree = "<group>"; };
		DD7956921808D1D600844A38 /* SetUsernameViewController.m */ = {isa = PBXFileReference; fileEncoding = 4; lastKnownFileType = sourcecode.c.objc; path = SetUsernameViewController.m; sourceTree = "<group>"; };
		DD7956981808E03F00844A38 /* UserDefaults.plist */ = {isa = PBXFileReference; fileEncoding = 4; lastKnownFileType = text.plist.xml; name = UserDefaults.plist; path = ../UserDefaults.plist; sourceTree = "<group>"; };
		DD8BD4C817E9486700D6C8D0 /* MapKit.framework */ = {isa = PBXFileReference; lastKnownFileType = wrapper.framework; name = MapKit.framework; path = System/Library/Frameworks/MapKit.framework; sourceTree = SDKROOT; };
		DD8CE15D17C6F6C700F48885 /* SWRevealViewController.h */ = {isa = PBXFileReference; fileEncoding = 4; lastKnownFileType = sourcecode.c.h; name = SWRevealViewController.h; path = "../../../Downloads/SWRevealViewController-master/SWRevealViewController/SWRevealViewController.h"; sourceTree = "<group>"; };
		DD8CE15E17C6F6C700F48885 /* SWRevealViewController.m */ = {isa = PBXFileReference; fileEncoding = 4; lastKnownFileType = sourcecode.c.objc; name = SWRevealViewController.m; path = "../../../Downloads/SWRevealViewController-master/SWRevealViewController/SWRevealViewController.m"; sourceTree = "<group>"; };
		DD8CE17417C99C4100F48885 /* LoginViewController.h */ = {isa = PBXFileReference; fileEncoding = 4; lastKnownFileType = sourcecode.c.h; path = LoginViewController.h; sourceTree = "<group>"; };
		DD8CE17517C99C4100F48885 /* LoginViewController.m */ = {isa = PBXFileReference; fileEncoding = 4; lastKnownFileType = sourcecode.c.objc; path = LoginViewController.m; sourceTree = "<group>"; };
		DD8CE17A17C9A13800F48885 /* RaceHistoryViewController.h */ = {isa = PBXFileReference; fileEncoding = 4; lastKnownFileType = sourcecode.c.h; path = RaceHistoryViewController.h; sourceTree = "<group>"; };
		DD8CE17B17C9A13900F48885 /* RaceHistoryViewController.m */ = {isa = PBXFileReference; fileEncoding = 4; lastKnownFileType = sourcecode.c.objc; path = RaceHistoryViewController.m; sourceTree = "<group>"; };
		DD8CE17D17C9A41D00F48885 /* ConnectViewController.h */ = {isa = PBXFileReference; fileEncoding = 4; lastKnownFileType = sourcecode.c.h; path = ConnectViewController.h; sourceTree = "<group>"; };
		DD8CE17E17C9A41D00F48885 /* ConnectViewController.m */ = {isa = PBXFileReference; fileEncoding = 4; lastKnownFileType = sourcecode.c.objc; path = ConnectViewController.m; sourceTree = "<group>"; };
		DD8CE18017C9A4F500F48885 /* NextRunViewController.h */ = {isa = PBXFileReference; fileEncoding = 4; lastKnownFileType = sourcecode.c.h; path = NextRunViewController.h; sourceTree = "<group>"; };
		DD8CE18117C9A4F500F48885 /* NextRunViewController.m */ = {isa = PBXFileReference; fileEncoding = 4; lastKnownFileType = sourcecode.c.objc; path = NextRunViewController.m; sourceTree = "<group>"; };
		DD8CE18317C9A96E00F48885 /* MainViewController.h */ = {isa = PBXFileReference; fileEncoding = 4; lastKnownFileType = sourcecode.c.h; path = MainViewController.h; sourceTree = "<group>"; };
		DD8CE18417C9A96E00F48885 /* MainViewController.m */ = {isa = PBXFileReference; fileEncoding = 4; lastKnownFileType = sourcecode.c.objc; path = MainViewController.m; sourceTree = "<group>"; };
		DD8CE1A317C9AEAA00F48885 /* SidebarViewController.h */ = {isa = PBXFileReference; fileEncoding = 4; lastKnownFileType = sourcecode.c.h; path = SidebarViewController.h; sourceTree = "<group>"; };
		DD8CE1A417C9AEAA00F48885 /* SidebarViewController.m */ = {isa = PBXFileReference; fileEncoding = 4; lastKnownFileType = sourcecode.c.objc; path = SidebarViewController.m; sourceTree = "<group>"; };
		DD8CE1A617C9AF6D00F48885 /* menu.png */ = {isa = PBXFileReference; lastKnownFileType = image.png; path = menu.png; sourceTree = "<group>"; };
		DD8CE1A817C9B23D00F48885 /* Social.framework */ = {isa = PBXFileReference; lastKnownFileType = wrapper.framework; name = Social.framework; path = System/Library/Frameworks/Social.framework; sourceTree = SDKROOT; };
		DD8F094317E1492A008EBE5D /* Entity.h */ = {isa = PBXFileReference; fileEncoding = 4; lastKnownFileType = sourcecode.c.h; path = Entity.h; sourceTree = "<group>"; };
		DD8F094417E1492A008EBE5D /* Entity.m */ = {isa = PBXFileReference; fileEncoding = 4; lastKnownFileType = sourcecode.c.objc; path = Entity.m; sourceTree = "<group>"; };
		DD8F094917E152DE008EBE5D /* AdSupport.framework */ = {isa = PBXFileReference; lastKnownFileType = wrapper.framework; name = AdSupport.framework; path = System/Library/Frameworks/AdSupport.framework; sourceTree = SDKROOT; };
		DD8F094B17E15311008EBE5D /* FacebookSDK.framework */ = {isa = PBXFileReference; lastKnownFileType = wrapper.framework; name = FacebookSDK.framework; path = ../../Documents/FacebookSDK/FacebookSDK.framework; sourceTree = "<group>"; };
		DD8F095017E1546A008EBE5D /* FacebookLoginViewController.h */ = {isa = PBXFileReference; fileEncoding = 4; lastKnownFileType = sourcecode.c.h; name = FacebookLoginViewController.h; path = ../FacebookLoginViewController.h; sourceTree = "<group>"; };
		DD8F095117E1546A008EBE5D /* FacebookLoginViewController.m */ = {isa = PBXFileReference; fileEncoding = 4; lastKnownFileType = sourcecode.c.objc; name = FacebookLoginViewController.m; path = ../FacebookLoginViewController.m; sourceTree = "<group>"; };
		DD8F096117E15E3A008EBE5D /* TwitterLoginViewController.h */ = {isa = PBXFileReference; fileEncoding = 4; lastKnownFileType = sourcecode.c.h; path = TwitterLoginViewController.h; sourceTree = "<group>"; };
		DD8F096217E15E3A008EBE5D /* TwitterLoginViewController.m */ = {isa = PBXFileReference; fileEncoding = 4; lastKnownFileType = sourcecode.c.objc; path = TwitterLoginViewController.m; sourceTree = "<group>"; };
		DD8F096617E16667008EBE5D /* NSData+Base64.h */ = {isa = PBXFileReference; fileEncoding = 4; lastKnownFileType = sourcecode.c.h; path = "NSData+Base64.h"; sourceTree = "<group>"; };
		DD8F096717E16667008EBE5D /* NSData+Base64.m */ = {isa = PBXFileReference; fileEncoding = 4; lastKnownFileType = sourcecode.c.objc; path = "NSData+Base64.m"; sourceTree = "<group>"; };
		DD8F096817E16667008EBE5D /* OAuth+Additions.h */ = {isa = PBXFileReference; fileEncoding = 4; lastKnownFileType = sourcecode.c.h; path = "OAuth+Additions.h"; sourceTree = "<group>"; };
		DD8F096917E16667008EBE5D /* OAuth+Additions.m */ = {isa = PBXFileReference; fileEncoding = 4; lastKnownFileType = sourcecode.c.objc; path = "OAuth+Additions.m"; sourceTree = "<group>"; };
		DD8F096A17E16667008EBE5D /* OAuthCore.h */ = {isa = PBXFileReference; fileEncoding = 4; lastKnownFileType = sourcecode.c.h; path = OAuthCore.h; sourceTree = "<group>"; };
		DD8F096B17E16667008EBE5D /* OAuthCore.m */ = {isa = PBXFileReference; fileEncoding = 4; lastKnownFileType = sourcecode.c.objc; path = OAuthCore.m; sourceTree = "<group>"; };
		DD8F096C17E16667008EBE5D /* SMTwitterCredentials.h */ = {isa = PBXFileReference; fileEncoding = 4; lastKnownFileType = sourcecode.c.h; path = SMTwitterCredentials.h; sourceTree = "<group>"; };
		DD8F096D17E16667008EBE5D /* SMTwitterCredentials.m */ = {isa = PBXFileReference; fileEncoding = 4; lastKnownFileType = sourcecode.c.objc; path = SMTwitterCredentials.m; sourceTree = "<group>"; };
		DD8F097217E16A54008EBE5D /* Twitter.framework */ = {isa = PBXFileReference; lastKnownFileType = wrapper.framework; name = Twitter.framework; path = System/Library/Frameworks/Twitter.framework; sourceTree = SDKROOT; };
		DD8F097417E16A61008EBE5D /* Accounts.framework */ = {isa = PBXFileReference; lastKnownFileType = wrapper.framework; name = Accounts.framework; path = System/Library/Frameworks/Accounts.framework; sourceTree = SDKROOT; };
		DD8F097F17E2C180008EBE5D /* User.h */ = {isa = PBXFileReference; fileEncoding = 4; lastKnownFileType = sourcecode.c.h; path = User.h; sourceTree = "<group>"; };
		DD8F098017E2C180008EBE5D /* User.m */ = {isa = PBXFileReference; fileEncoding = 4; lastKnownFileType = sourcecode.c.objc; path = User.m; sourceTree = "<group>"; };
		DD8F098217E2C4A4008EBE5D /* CreateUserViewController.h */ = {isa = PBXFileReference; fileEncoding = 4; lastKnownFileType = sourcecode.c.h; path = CreateUserViewController.h; sourceTree = "<group>"; };
		DD8F098317E2C4A4008EBE5D /* CreateUserViewController.m */ = {isa = PBXFileReference; fileEncoding = 4; lastKnownFileType = sourcecode.c.objc; path = CreateUserViewController.m; sourceTree = "<group>"; };
		DD8F099117E3A854008EBE5D /* MatchupListViewController.h */ = {isa = PBXFileReference; fileEncoding = 4; lastKnownFileType = sourcecode.c.h; path = MatchupListViewController.h; sourceTree = "<group>"; };
		DD8F099217E3A854008EBE5D /* MatchupListViewController.m */ = {isa = PBXFileReference; fileEncoding = 4; lastKnownFileType = sourcecode.c.objc; path = MatchupListViewController.m; sourceTree = "<group>"; };
		DD8F099717E75892008EBE5D /* HomeViewController.h */ = {isa = PBXFileReference; fileEncoding = 4; lastKnownFileType = sourcecode.c.h; path = HomeViewController.h; sourceTree = "<group>"; };
		DD8F099817E75893008EBE5D /* HomeViewController.m */ = {isa = PBXFileReference; fileEncoding = 4; lastKnownFileType = sourcecode.c.objc; path = HomeViewController.m; sourceTree = "<group>"; };
		DD8F099A17E79A3F008EBE5D /* Todo.h */ = {isa = PBXFileReference; fileEncoding = 4; lastKnownFileType = sourcecode.c.h; path = Todo.h; sourceTree = "<group>"; };
		DD8F099B17E79A3F008EBE5D /* Todo.m */ = {isa = PBXFileReference; fileEncoding = 4; lastKnownFileType = sourcecode.c.objc; path = Todo.m; sourceTree = "<group>"; };
		DDA15F3517E0013500B0A6CF /* CHANGELOG.md */ = {isa = PBXFileReference; fileEncoding = 4; lastKnownFileType = text; path = CHANGELOG.md; sourceTree = "<group>"; };
		DDA15F3717E0013500B0A6CF /* AFHTTPClient+StackMob.h */ = {isa = PBXFileReference; fileEncoding = 4; lastKnownFileType = sourcecode.c.h; path = "AFHTTPClient+StackMob.h"; sourceTree = "<group>"; };
		DDA15F3817E0013500B0A6CF /* AFHTTPRequestOperation+RemoveContentType.h */ = {isa = PBXFileReference; fileEncoding = 4; lastKnownFileType = sourcecode.c.h; path = "AFHTTPRequestOperation+RemoveContentType.h"; sourceTree = "<group>"; };
		DDA15F3A17E0013500B0A6CF /* AFHTTPClient.h */ = {isa = PBXFileReference; fileEncoding = 4; lastKnownFileType = sourcecode.c.h; path = AFHTTPClient.h; sourceTree = "<group>"; };
		DDA15F3B17E0013500B0A6CF /* AFHTTPRequestOperation.h */ = {isa = PBXFileReference; fileEncoding = 4; lastKnownFileType = sourcecode.c.h; path = AFHTTPRequestOperation.h; sourceTree = "<group>"; };
		DDA15F3C17E0013500B0A6CF /* AFImageRequestOperation.h */ = {isa = PBXFileReference; fileEncoding = 4; lastKnownFileType = sourcecode.c.h; path = AFImageRequestOperation.h; sourceTree = "<group>"; };
		DDA15F3D17E0013500B0A6CF /* AFJSONRequestOperation.h */ = {isa = PBXFileReference; fileEncoding = 4; lastKnownFileType = sourcecode.c.h; path = AFJSONRequestOperation.h; sourceTree = "<group>"; };
		DDA15F3E17E0013500B0A6CF /* AFNetworkActivityIndicatorManager.h */ = {isa = PBXFileReference; fileEncoding = 4; lastKnownFileType = sourcecode.c.h; path = AFNetworkActivityIndicatorManager.h; sourceTree = "<group>"; };
		DDA15F3F17E0013500B0A6CF /* AFNetworking.h */ = {isa = PBXFileReference; fileEncoding = 4; lastKnownFileType = sourcecode.c.h; path = AFNetworking.h; sourceTree = "<group>"; };
		DDA15F4017E0013500B0A6CF /* AFPropertyListRequestOperation.h */ = {isa = PBXFileReference; fileEncoding = 4; lastKnownFileType = sourcecode.c.h; path = AFPropertyListRequestOperation.h; sourceTree = "<group>"; };
		DDA15F4117E0013500B0A6CF /* AFURLConnectionOperation.h */ = {isa = PBXFileReference; fileEncoding = 4; lastKnownFileType = sourcecode.c.h; path = AFURLConnectionOperation.h; sourceTree = "<group>"; };
		DDA15F4217E0013500B0A6CF /* AFXMLRequestOperation.h */ = {isa = PBXFileReference; fileEncoding = 4; lastKnownFileType = sourcecode.c.h; path = AFXMLRequestOperation.h; sourceTree = "<group>"; };
		DDA15F4317E0013500B0A6CF /* UIImageView+AFNetworking.h */ = {isa = PBXFileReference; fileEncoding = 4; lastKnownFileType = sourcecode.c.h; path = "UIImageView+AFNetworking.h"; sourceTree = "<group>"; };
		DDA15F4417E0013500B0A6CF /* Base64EncodedStringFromData.h */ = {isa = PBXFileReference; fileEncoding = 4; lastKnownFileType = sourcecode.c.h; path = Base64EncodedStringFromData.h; sourceTree = "<group>"; };
		DDA15F4517E0013500B0A6CF /* Common.h */ = {isa = PBXFileReference; fileEncoding = 4; lastKnownFileType = sourcecode.c.h; path = Common.h; sourceTree = "<group>"; };
		DDA15F4617E0013500B0A6CF /* FileManagement.h */ = {isa = PBXFileReference; fileEncoding = 4; lastKnownFileType = sourcecode.c.h; path = FileManagement.h; sourceTree = "<group>"; };
		DDA15F4717E0013500B0A6CF /* KeychainWrapper.h */ = {isa = PBXFileReference; fileEncoding = 4; lastKnownFileType = sourcecode.c.h; path = KeychainWrapper.h; sourceTree = "<group>"; };
		DDA15F4817E0013500B0A6CF /* NSArray+Enumerable.h */ = {isa = PBXFileReference; fileEncoding = 4; lastKnownFileType = sourcecode.c.h; path = "NSArray+Enumerable.h"; sourceTree = "<group>"; };
		DDA15F4917E0013500B0A6CF /* NSDictionary+AtomicCounter.h */ = {isa = PBXFileReference; fileEncoding = 4; lastKnownFileType = sourcecode.c.h; path = "NSDictionary+AtomicCounter.h"; sourceTree = "<group>"; };
		DDA15F4A17E0013500B0A6CF /* NSEntityDescription+StackMobSerialization.h */ = {isa = PBXFileReference; fileEncoding = 4; lastKnownFileType = sourcecode.c.h; path = "NSEntityDescription+StackMobSerialization.h"; sourceTree = "<group>"; };
		DDA15F4B17E0013500B0A6CF /* NSManagedObject+StackMobSerialization.h */ = {isa = PBXFileReference; fileEncoding = 4; lastKnownFileType = sourcecode.c.h; path = "NSManagedObject+StackMobSerialization.h"; sourceTree = "<group>"; };
		DDA15F4C17E0013500B0A6CF /* NSManagedObjectContext+Concurrency.h */ = {isa = PBXFileReference; fileEncoding = 4; lastKnownFileType = sourcecode.c.h; path = "NSManagedObjectContext+Concurrency.h"; sourceTree = "<group>"; };
		DDA15F4D17E0013500B0A6CF /* SMBinaryDataConversion.h */ = {isa = PBXFileReference; fileEncoding = 4; lastKnownFileType = sourcecode.c.h; path = SMBinaryDataConversion.h; sourceTree = "<group>"; };
		DDA15F4E17E0013500B0A6CF /* SMClient.h */ = {isa = PBXFileReference; fileEncoding = 4; lastKnownFileType = sourcecode.c.h; path = SMClient.h; sourceTree = "<group>"; };
		DDA15F4F17E0013500B0A6CF /* SMCoreDataStore.h */ = {isa = PBXFileReference; fileEncoding = 4; lastKnownFileType = sourcecode.c.h; path = SMCoreDataStore.h; sourceTree = "<group>"; };
		DDA15F5017E0013500B0A6CF /* SMCustomCodeRequest.h */ = {isa = PBXFileReference; fileEncoding = 4; lastKnownFileType = sourcecode.c.h; path = SMCustomCodeRequest.h; sourceTree = "<group>"; };
		DDA15F5117E0013500B0A6CF /* SMDataStore+Protected.h */ = {isa = PBXFileReference; fileEncoding = 4; lastKnownFileType = sourcecode.c.h; path = "SMDataStore+Protected.h"; sourceTree = "<group>"; };
		DDA15F5217E0013500B0A6CF /* SMDataStore.h */ = {isa = PBXFileReference; fileEncoding = 4; lastKnownFileType = sourcecode.c.h; path = SMDataStore.h; sourceTree = "<group>"; };
		DDA15F5317E0013500B0A6CF /* SMError.h */ = {isa = PBXFileReference; fileEncoding = 4; lastKnownFileType = sourcecode.c.h; path = SMError.h; sourceTree = "<group>"; };
		DDA15F5417E0013500B0A6CF /* SMGeoPoint.h */ = {isa = PBXFileReference; fileEncoding = 4; lastKnownFileType = sourcecode.c.h; path = SMGeoPoint.h; sourceTree = "<group>"; };
		DDA15F5517E0013500B0A6CF /* SMHTTPRequestOperation.h */ = {isa = PBXFileReference; fileEncoding = 4; lastKnownFileType = sourcecode.c.h; path = SMHTTPRequestOperation.h; sourceTree = "<group>"; };
		DDA15F5617E0013500B0A6CF /* SMIncrementalStore+Query.h */ = {isa = PBXFileReference; fileEncoding = 4; lastKnownFileType = sourcecode.c.h; path = "SMIncrementalStore+Query.h"; sourceTree = "<group>"; };
		DDA15F5717E0013500B0A6CF /* SMIncrementalStore.h */ = {isa = PBXFileReference; fileEncoding = 4; lastKnownFileType = sourcecode.c.h; path = SMIncrementalStore.h; sourceTree = "<group>"; };
		DDA15F5817E0013500B0A6CF /* SMIncrementalStoreNode.h */ = {isa = PBXFileReference; fileEncoding = 4; lastKnownFileType = sourcecode.c.h; path = SMIncrementalStoreNode.h; sourceTree = "<group>"; };
		DDA15F5917E0013500B0A6CF /* SMJSONRequestOperation.h */ = {isa = PBXFileReference; fileEncoding = 4; lastKnownFileType = sourcecode.c.h; path = SMJSONRequestOperation.h; sourceTree = "<group>"; };
		DDA15F5A17E0013500B0A6CF /* SMLocationManager.h */ = {isa = PBXFileReference; fileEncoding = 4; lastKnownFileType = sourcecode.c.h; path = SMLocationManager.h; sourceTree = "<group>"; };
		DDA15F5B17E0013500B0A6CF /* SMNetworkReachability.h */ = {isa = PBXFileReference; fileEncoding = 4; lastKnownFileType = sourcecode.c.h; path = SMNetworkReachability.h; sourceTree = "<group>"; };
		DDA15F5C17E0013500B0A6CF /* SMOAuth1Client.h */ = {isa = PBXFileReference; fileEncoding = 4; lastKnownFileType = sourcecode.c.h; path = SMOAuth1Client.h; sourceTree = "<group>"; };
		DDA15F5D17E0013500B0A6CF /* SMOAuth2Client.h */ = {isa = PBXFileReference; fileEncoding = 4; lastKnownFileType = sourcecode.c.h; path = SMOAuth2Client.h; sourceTree = "<group>"; };
		DDA15F5E17E0013500B0A6CF /* SMPredicate.h */ = {isa = PBXFileReference; fileEncoding = 4; lastKnownFileType = sourcecode.c.h; path = SMPredicate.h; sourceTree = "<group>"; };
		DDA15F5F17E0013500B0A6CF /* SMPushClient.h */ = {isa = PBXFileReference; fileEncoding = 4; lastKnownFileType = sourcecode.c.h; path = SMPushClient.h; sourceTree = "<group>"; };
		DDA15F6017E0013500B0A6CF /* SMPushToken.h */ = {isa = PBXFileReference; fileEncoding = 4; lastKnownFileType = sourcecode.c.h; path = SMPushToken.h; sourceTree = "<group>"; };
		DDA15F6117E0013500B0A6CF /* SMQuery.h */ = {isa = PBXFileReference; fileEncoding = 4; lastKnownFileType = sourcecode.c.h; path = SMQuery.h; sourceTree = "<group>"; };
		DDA15F6217E0013500B0A6CF /* SMRequestOptions.h */ = {isa = PBXFileReference; fileEncoding = 4; lastKnownFileType = sourcecode.c.h; path = SMRequestOptions.h; sourceTree = "<group>"; };
		DDA15F6317E0013500B0A6CF /* SMResponseBlocks.h */ = {isa = PBXFileReference; fileEncoding = 4; lastKnownFileType = sourcecode.c.h; path = SMResponseBlocks.h; sourceTree = "<group>"; };
		DDA15F6417E0013500B0A6CF /* SMSyncedObject.h */ = {isa = PBXFileReference; fileEncoding = 4; lastKnownFileType = sourcecode.c.h; path = SMSyncedObject.h; sourceTree = "<group>"; };
		DDA15F6517E0013500B0A6CF /* SMUserManagedObject.h */ = {isa = PBXFileReference; fileEncoding = 4; lastKnownFileType = sourcecode.c.h; path = SMUserManagedObject.h; sourceTree = "<group>"; };
		DDA15F6617E0013500B0A6CF /* SMUserSession.h */ = {isa = PBXFileReference; fileEncoding = 4; lastKnownFileType = sourcecode.c.h; path = SMUserSession.h; sourceTree = "<group>"; };
		DDA15F6717E0013500B0A6CF /* SMVersion.h */ = {isa = PBXFileReference; fileEncoding = 4; lastKnownFileType = sourcecode.c.h; path = SMVersion.h; sourceTree = "<group>"; };
		DDA15F6817E0013500B0A6CF /* StackMob.h */ = {isa = PBXFileReference; fileEncoding = 4; lastKnownFileType = sourcecode.c.h; path = StackMob.h; sourceTree = "<group>"; };
		DDA15F6917E0013500B0A6CF /* StackMobPush.h */ = {isa = PBXFileReference; fileEncoding = 4; lastKnownFileType = sourcecode.c.h; path = StackMobPush.h; sourceTree = "<group>"; };
		DDA15F6A17E0013500B0A6CF /* Synchronization.h */ = {isa = PBXFileReference; fileEncoding = 4; lastKnownFileType = sourcecode.c.h; path = Synchronization.h; sourceTree = "<group>"; };
		DDA15F6B17E0013500B0A6CF /* SystemInformation.h */ = {isa = PBXFileReference; fileEncoding = 4; lastKnownFileType = sourcecode.c.h; path = SystemInformation.h; sourceTree = "<group>"; };
		DDA15F6C17E0013500B0A6CF /* libstackmob-v2.1.1.a */ = {isa = PBXFileReference; lastKnownFileType = archive.ar; path = "libstackmob-v2.1.1.a"; sourceTree = "<group>"; };
		DDA15F6F17E0015500B0A6CF /* CoreData.framework */ = {isa = PBXFileReference; lastKnownFileType = wrapper.framework; name = CoreData.framework; path = System/Library/Frameworks/CoreData.framework; sourceTree = SDKROOT; };
		DDA15F7117E0016B00B0A6CF /* Security.framework */ = {isa = PBXFileReference; lastKnownFileType = wrapper.framework; name = Security.framework; path = System/Library/Frameworks/Security.framework; sourceTree = SDKROOT; };
		DDA15F7317E0017200B0A6CF /* SystemConfiguration.framework */ = {isa = PBXFileReference; lastKnownFileType = wrapper.framework; name = SystemConfiguration.framework; path = System/Library/Frameworks/SystemConfiguration.framework; sourceTree = SDKROOT; };
		DDA15F7517E0017900B0A6CF /* MobileCoreServices.framework */ = {isa = PBXFileReference; lastKnownFileType = wrapper.framework; name = MobileCoreServices.framework; path = System/Library/Frameworks/MobileCoreServices.framework; sourceTree = SDKROOT; };
		DDB2526617F79B590090D210 /* StartRunTimerViewController.h */ = {isa = PBXFileReference; fileEncoding = 4; lastKnownFileType = sourcecode.c.h; path = StartRunTimerViewController.h; sourceTree = "<group>"; };
		DDB2526717F79B590090D210 /* StartRunTimerViewController.m */ = {isa = PBXFileReference; fileEncoding = 4; lastKnownFileType = sourcecode.c.objc; path = StartRunTimerViewController.m; sourceTree = "<group>"; };
		DDB2526917F79BCD0090D210 /* SoloRunViewController.h */ = {isa = PBXFileReference; fileEncoding = 4; lastKnownFileType = sourcecode.c.h; path = SoloRunViewController.h; sourceTree = "<group>"; };
		DDB2526A17F79BCD0090D210 /* SoloRunViewController.m */ = {isa = PBXFileReference; fileEncoding = 4; lastKnownFileType = sourcecode.c.objc; path = SoloRunViewController.m; sourceTree = "<group>"; };
		DDB2526C17F79CBB0090D210 /* RaceFinishedViewController.h */ = {isa = PBXFileReference; fileEncoding = 4; lastKnownFileType = sourcecode.c.h; path = RaceFinishedViewController.h; sourceTree = "<group>"; };
		DDB2526D17F79CBB0090D210 /* RaceFinishedViewController.m */ = {isa = PBXFileReference; fileEncoding = 4; lastKnownFileType = sourcecode.c.objc; path = RaceFinishedViewController.m; sourceTree = "<group>"; };
		DDB2526F17FB12F50090D210 /* MatchupGroupListViewController.h */ = {isa = PBXFileReference; fileEncoding = 4; lastKnownFileType = sourcecode.c.h; path = MatchupGroupListViewController.h; sourceTree = "<group>"; };
		DDB2527017FB12F50090D210 /* MatchupGroupListViewController.m */ = {isa = PBXFileReference; fileEncoding = 4; lastKnownFileType = sourcecode.c.objc; path = MatchupGroupListViewController.m; sourceTree = "<group>"; };
/* End PBXFileReference section */

/* Begin PBXFrameworksBuildPhase section */
		DD4BD4B017B44217004A0C70 /* Frameworks */ = {
			isa = PBXFrameworksBuildPhase;
			buildActionMask = 2147483647;
			files = (
				DD8CE1A917C9B23D00F48885 /* Social.framework in Frameworks */,
				DD8BD4C917E9486700D6C8D0 /* MapKit.framework in Frameworks */,
				DD8F097517E16A61008EBE5D /* Accounts.framework in Frameworks */,
				DD8F097317E16A54008EBE5D /* Twitter.framework in Frameworks */,
				DD8F094C17E15311008EBE5D /* FacebookSDK.framework in Frameworks */,
				DD8F094A17E152DE008EBE5D /* AdSupport.framework in Frameworks */,
				DDA15F7617E0017900B0A6CF /* MobileCoreServices.framework in Frameworks */,
				DDA15F7417E0017200B0A6CF /* SystemConfiguration.framework in Frameworks */,
				DDA15F7217E0016B00B0A6CF /* Security.framework in Frameworks */,
				DDA15F7017E0015500B0A6CF /* CoreData.framework in Frameworks */,
				DD4BD53B17B74401004A0C70 /* CoreLocation.framework in Frameworks */,
				DD4BD4B717B44217004A0C70 /* UIKit.framework in Frameworks */,
				DD4BD4B917B44217004A0C70 /* Foundation.framework in Frameworks */,
				DD4BD4BB17B44217004A0C70 /* CoreGraphics.framework in Frameworks */,
				DDA15F6E17E0013500B0A6CF /* libstackmob-v2.1.1.a in Frameworks */,
			);
			runOnlyForDeploymentPostprocessing = 0;
		};
		DD4BD4D517B44217004A0C70 /* Frameworks */ = {
			isa = PBXFrameworksBuildPhase;
			buildActionMask = 2147483647;
			files = (
				DD4BD4DB17B44217004A0C70 /* SenTestingKit.framework in Frameworks */,
				DD4BD4DC17B44217004A0C70 /* UIKit.framework in Frameworks */,
				DD4BD4DD17B44217004A0C70 /* Foundation.framework in Frameworks */,
			);
			runOnlyForDeploymentPostprocessing = 0;
		};
/* End PBXFrameworksBuildPhase section */

/* Begin PBXGroup section */
		DD4BD4AA17B44217004A0C70 = {
			isa = PBXGroup;
			children = (
				DD79564817FB411E00844A38 /* mydatamodel.xcdatamodeld */,
				DD79564B17FB448700844A38 /* Groups.h */,
				DD79564C17FB448700844A38 /* Groups.m */,
				DD8BD4C817E9486700D6C8D0 /* MapKit.framework */,
				DD8F099A17E79A3F008EBE5D /* Todo.h */,
				DD8F099B17E79A3F008EBE5D /* Todo.m */,
				DD8F097417E16A61008EBE5D /* Accounts.framework */,
				DD8F097217E16A54008EBE5D /* Twitter.framework */,
				DD8F096417E16667008EBE5D /* SMTwitterCredentials */,
				DD8F094B17E15311008EBE5D /* FacebookSDK.framework */,
				DD8F094917E152DE008EBE5D /* AdSupport.framework */,
				DD8F094317E1492A008EBE5D /* Entity.h */,
				DD8F094417E1492A008EBE5D /* Entity.m */,
				DDA15F7517E0017900B0A6CF /* MobileCoreServices.framework */,
				DDA15F7317E0017200B0A6CF /* SystemConfiguration.framework */,
				DDA15F7117E0016B00B0A6CF /* Security.framework */,
				DDA15F6F17E0015500B0A6CF /* CoreData.framework */,
				DDA15F3417E0013500B0A6CF /* StackMob-v2.1.1 */,
				DD8CE1A817C9B23D00F48885 /* Social.framework */,
				DD4BD53A17B74401004A0C70 /* CoreLocation.framework */,
				DD4BD4BC17B44217004A0C70 /* Pace Race */,
				DD4BD4E017B44217004A0C70 /* Pace RaceTests */,
				DD4BD4B517B44217004A0C70 /* Frameworks */,
				DD4BD4B417B44217004A0C70 /* Products */,
			);
			sourceTree = "<group>";
		};
		DD4BD4B417B44217004A0C70 /* Products */ = {
			isa = PBXGroup;
			children = (
				DD4BD4B317B44217004A0C70 /* Pace Race.app */,
				DD4BD4D917B44217004A0C70 /* Pace RaceTests.octest */,
			);
			name = Products;
			sourceTree = "<group>";
		};
		DD4BD4B517B44217004A0C70 /* Frameworks */ = {
			isa = PBXGroup;
			children = (
				DD4BD4B617B44217004A0C70 /* UIKit.framework */,
				DD4BD4B817B44217004A0C70 /* Foundation.framework */,
				DD4BD4BA17B44217004A0C70 /* CoreGraphics.framework */,
				DD4BD4DA17B44217004A0C70 /* SenTestingKit.framework */,
			);
			name = Frameworks;
			sourceTree = "<group>";
		};
		DD4BD4BC17B44217004A0C70 /* Pace Race */ = {
			isa = PBXGroup;
			children = (
				DD8CE15C17C6F6AB00F48885 /* Library */,
				DD4BD4C517B44217004A0C70 /* AppDelegate.h */,
				DD4BD4C617B44217004A0C70 /* AppDelegate.m */,
				DD4BD4CE17B44217004A0C70 /* MainStoryboard.storyboard */,
				DD79567D1807988100844A38 /* Profile */,
				DD79565F17FE0E2000844A38 /* PreferencesListViewController.h */,
				DD79566017FE0E2000844A38 /* PreferencesListViewController.m */,
				DD79564E17FD078B00844A38 /* Store.h */,
				DD79564F17FD078B00844A38 /* Store.m */,
				DDB2526F17FB12F50090D210 /* MatchupGroupListViewController.h */,
				DDB2527017FB12F50090D210 /* MatchupGroupListViewController.m */,
				DDB2526C17F79CBB0090D210 /* RaceFinishedViewController.h */,
				DDB2526D17F79CBB0090D210 /* RaceFinishedViewController.m */,
				DDB2526917F79BCD0090D210 /* SoloRunViewController.h */,
				DDB2526A17F79BCD0090D210 /* SoloRunViewController.m */,
				DDB2526617F79B590090D210 /* StartRunTimerViewController.h */,
				DDB2526717F79B590090D210 /* StartRunTimerViewController.m */,
				DD8F099717E75892008EBE5D /* HomeViewController.h */,
				DD8F099817E75893008EBE5D /* HomeViewController.m */,
				DD8CE18317C9A96E00F48885 /* MainViewController.h */,
				DD8CE18417C9A96E00F48885 /* MainViewController.m */,
				DD8CE18017C9A4F500F48885 /* NextRunViewController.h */,
				DD8CE18117C9A4F500F48885 /* NextRunViewController.m */,
				DD8CE17D17C9A41D00F48885 /* ConnectViewController.h */,
				DD8CE17E17C9A41D00F48885 /* ConnectViewController.m */,
				DD8CE17A17C9A13800F48885 /* RaceHistoryViewController.h */,
				DD8CE17B17C9A13900F48885 /* RaceHistoryViewController.m */,
				DD8F099117E3A854008EBE5D /* MatchupListViewController.h */,
				DD8F099217E3A854008EBE5D /* MatchupListViewController.m */,
				DD79567E1807989700844A38 /* Login */,
				DD8CE1A317C9AEAA00F48885 /* SidebarViewController.h */,
				DD8CE1A417C9AEAA00F48885 /* SidebarViewController.m */,
				DD4BD4BD17B44217004A0C70 /* Supporting Files */,
			);
			path = "Pace Race";
			sourceTree = "<group>";
		};
		DD4BD4BD17B44217004A0C70 /* Supporting Files */ = {
			isa = PBXGroup;
			children = (
				DD4BD4BE17B44217004A0C70 /* Pace Race-Info.plist */,
				DD7956981808E03F00844A38 /* UserDefaults.plist */,
				DD4BD4BF17B44217004A0C70 /* InfoPlist.strings */,
				DD4BD4C217B44217004A0C70 /* main.m */,
				DD8CE1A617C9AF6D00F48885 /* menu.png */,
				DD79565117FDFE3C00844A38 /* 20-gear2.png */,
				DD4BD4C417B44217004A0C70 /* Pace Race-Prefix.pch */,
				DD4BD4C817B44217004A0C70 /* Default.png */,
				DD4BD4CA17B44217004A0C70 /* Default@2x.png */,
				DD4BD4CC17B44217004A0C70 /* Default-568h@2x.png */,
			);
			name = "Supporting Files";
			sourceTree = "<group>";
		};
		DD4BD4E017B44217004A0C70 /* Pace RaceTests */ = {
			isa = PBXGroup;
			children = (
				DD4BD4E617B44217004A0C70 /* Pace_RaceTests.h */,
				DD4BD4E717B44217004A0C70 /* Pace_RaceTests.m */,
				DD4BD4E117B44217004A0C70 /* Supporting Files */,
			);
			path = "Pace RaceTests";
			sourceTree = "<group>";
		};
		DD4BD4E117B44217004A0C70 /* Supporting Files */ = {
			isa = PBXGroup;
			children = (
				DD4BD4E217B44217004A0C70 /* Pace RaceTests-Info.plist */,
				DD4BD4E317B44217004A0C70 /* InfoPlist.strings */,
			);
			name = "Supporting Files";
			sourceTree = "<group>";
		};
		DD79567D1807988100844A38 /* Profile */ = {
			isa = PBXGroup;
			children = (
				DD7956911808D1D600844A38 /* SetUsernameViewController.h */,
				DD7956921808D1D600844A38 /* SetUsernameViewController.m */,
				DD79568E180879E700844A38 /* SetLocationViewController.h */,
				DD79568F180879E700844A38 /* SetLocationViewController.m */,
				DD79568B18086FBC00844A38 /* SetHeightViewController.h */,
				DD79568C18086FBC00844A38 /* SetHeightViewController.m */,
				DD79567A1807987500844A38 /* SetGenderViewController.h */,
				DD79567B1807987500844A38 /* SetGenderViewController.m */,
				DD79567F1807A03100844A38 /* SetAgeViewController.h */,
				DD7956801807A03100844A38 /* SetAgeViewController.m */,
				DD7956851807A04A00844A38 /* SetWeightViewController.h */,
				DD7956861807A04A00844A38 /* SetWeightViewController.m */,
			);
			name = Profile;
			sourceTree = "<group>";
		};
		DD79567E1807989700844A38 /* Login */ = {
			isa = PBXGroup;
			children = (
				DD8CE17417C99C4100F48885 /* LoginViewController.h */,
				DD8CE17517C99C4100F48885 /* LoginViewController.m */,
				DD79564517FB402F00844A38 /* CreateGroupViewController.h */,
				DD79564617FB402F00844A38 /* CreateGroupViewController.m */,
				DD8F098217E2C4A4008EBE5D /* CreateUserViewController.h */,
				DD8F098317E2C4A4008EBE5D /* CreateUserViewController.m */,
				DD8F097F17E2C180008EBE5D /* User.h */,
				DD8F098017E2C180008EBE5D /* User.m */,
				DD8F095017E1546A008EBE5D /* FacebookLoginViewController.h */,
				DD8F095117E1546A008EBE5D /* FacebookLoginViewController.m */,
				DD8F096117E15E3A008EBE5D /* TwitterLoginViewController.h */,
				DD8F096217E15E3A008EBE5D /* TwitterLoginViewController.m */,
			);
			name = Login;
			sourceTree = "<group>";
		};
		DD8CE15C17C6F6AB00F48885 /* Library */ = {
			isa = PBXGroup;
			children = (
				DD8CE15D17C6F6C700F48885 /* SWRevealViewController.h */,
				DD8CE15E17C6F6C700F48885 /* SWRevealViewController.m */,
			);
			name = Library;
			sourceTree = "<group>";
		};
		DD8F096417E16667008EBE5D /* SMTwitterCredentials */ = {
			isa = PBXGroup;
			children = (
				DD8F096517E16667008EBE5D /* OAuthCore */,
				DD8F096C17E16667008EBE5D /* SMTwitterCredentials.h */,
				DD8F096D17E16667008EBE5D /* SMTwitterCredentials.m */,
			);
			path = SMTwitterCredentials;
			sourceTree = "<group>";
		};
		DD8F096517E16667008EBE5D /* OAuthCore */ = {
			isa = PBXGroup;
			children = (
				DD8F096617E16667008EBE5D /* NSData+Base64.h */,
				DD8F096717E16667008EBE5D /* NSData+Base64.m */,
				DD8F096817E16667008EBE5D /* OAuth+Additions.h */,
				DD8F096917E16667008EBE5D /* OAuth+Additions.m */,
				DD8F096A17E16667008EBE5D /* OAuthCore.h */,
				DD8F096B17E16667008EBE5D /* OAuthCore.m */,
			);
			path = OAuthCore;
			sourceTree = "<group>";
		};
		DDA15F3417E0013500B0A6CF /* StackMob-v2.1.1 */ = {
			isa = PBXGroup;
			children = (
				DDA15F3517E0013500B0A6CF /* CHANGELOG.md */,
				DDA15F3617E0013500B0A6CF /* Headers */,
				DDA15F6C17E0013500B0A6CF /* libstackmob-v2.1.1.a */,
			);
			path = "StackMob-v2.1.1";
			sourceTree = "<group>";
		};
		DDA15F3617E0013500B0A6CF /* Headers */ = {
			isa = PBXGroup;
			children = (
				DDA15F3717E0013500B0A6CF /* AFHTTPClient+StackMob.h */,
				DDA15F3817E0013500B0A6CF /* AFHTTPRequestOperation+RemoveContentType.h */,
				DDA15F3917E0013500B0A6CF /* AFNetworking */,
				DDA15F4417E0013500B0A6CF /* Base64EncodedStringFromData.h */,
				DDA15F4517E0013500B0A6CF /* Common.h */,
				DDA15F4617E0013500B0A6CF /* FileManagement.h */,
				DDA15F4717E0013500B0A6CF /* KeychainWrapper.h */,
				DDA15F4817E0013500B0A6CF /* NSArray+Enumerable.h */,
				DDA15F4917E0013500B0A6CF /* NSDictionary+AtomicCounter.h */,
				DDA15F4A17E0013500B0A6CF /* NSEntityDescription+StackMobSerialization.h */,
				DDA15F4B17E0013500B0A6CF /* NSManagedObject+StackMobSerialization.h */,
				DDA15F4C17E0013500B0A6CF /* NSManagedObjectContext+Concurrency.h */,
				DDA15F4D17E0013500B0A6CF /* SMBinaryDataConversion.h */,
				DDA15F4E17E0013500B0A6CF /* SMClient.h */,
				DDA15F4F17E0013500B0A6CF /* SMCoreDataStore.h */,
				DDA15F5017E0013500B0A6CF /* SMCustomCodeRequest.h */,
				DDA15F5117E0013500B0A6CF /* SMDataStore+Protected.h */,
				DDA15F5217E0013500B0A6CF /* SMDataStore.h */,
				DDA15F5317E0013500B0A6CF /* SMError.h */,
				DDA15F5417E0013500B0A6CF /* SMGeoPoint.h */,
				DDA15F5517E0013500B0A6CF /* SMHTTPRequestOperation.h */,
				DDA15F5617E0013500B0A6CF /* SMIncrementalStore+Query.h */,
				DDA15F5717E0013500B0A6CF /* SMIncrementalStore.h */,
				DDA15F5817E0013500B0A6CF /* SMIncrementalStoreNode.h */,
				DDA15F5917E0013500B0A6CF /* SMJSONRequestOperation.h */,
				DDA15F5A17E0013500B0A6CF /* SMLocationManager.h */,
				DDA15F5B17E0013500B0A6CF /* SMNetworkReachability.h */,
				DDA15F5C17E0013500B0A6CF /* SMOAuth1Client.h */,
				DDA15F5D17E0013500B0A6CF /* SMOAuth2Client.h */,
				DDA15F5E17E0013500B0A6CF /* SMPredicate.h */,
				DDA15F5F17E0013500B0A6CF /* SMPushClient.h */,
				DDA15F6017E0013500B0A6CF /* SMPushToken.h */,
				DDA15F6117E0013500B0A6CF /* SMQuery.h */,
				DDA15F6217E0013500B0A6CF /* SMRequestOptions.h */,
				DDA15F6317E0013500B0A6CF /* SMResponseBlocks.h */,
				DDA15F6417E0013500B0A6CF /* SMSyncedObject.h */,
				DDA15F6517E0013500B0A6CF /* SMUserManagedObject.h */,
				DDA15F6617E0013500B0A6CF /* SMUserSession.h */,
				DDA15F6717E0013500B0A6CF /* SMVersion.h */,
				DDA15F6817E0013500B0A6CF /* StackMob.h */,
				DDA15F6917E0013500B0A6CF /* StackMobPush.h */,
				DDA15F6A17E0013500B0A6CF /* Synchronization.h */,
				DDA15F6B17E0013500B0A6CF /* SystemInformation.h */,
			);
			path = Headers;
			sourceTree = "<group>";
		};
		DDA15F3917E0013500B0A6CF /* AFNetworking */ = {
			isa = PBXGroup;
			children = (
				DDA15F3A17E0013500B0A6CF /* AFHTTPClient.h */,
				DDA15F3B17E0013500B0A6CF /* AFHTTPRequestOperation.h */,
				DDA15F3C17E0013500B0A6CF /* AFImageRequestOperation.h */,
				DDA15F3D17E0013500B0A6CF /* AFJSONRequestOperation.h */,
				DDA15F3E17E0013500B0A6CF /* AFNetworkActivityIndicatorManager.h */,
				DDA15F3F17E0013500B0A6CF /* AFNetworking.h */,
				DDA15F4017E0013500B0A6CF /* AFPropertyListRequestOperation.h */,
				DDA15F4117E0013500B0A6CF /* AFURLConnectionOperation.h */,
				DDA15F4217E0013500B0A6CF /* AFXMLRequestOperation.h */,
				DDA15F4317E0013500B0A6CF /* UIImageView+AFNetworking.h */,
			);
			path = AFNetworking;
			sourceTree = "<group>";
		};
/* End PBXGroup section */

/* Begin PBXNativeTarget section */
		DD4BD4B217B44217004A0C70 /* Pace Race */ = {
			isa = PBXNativeTarget;
			buildConfigurationList = DD4BD4EB17B44217004A0C70 /* Build configuration list for PBXNativeTarget "Pace Race" */;
			buildPhases = (
				DD4BD4AF17B44217004A0C70 /* Sources */,
				DD4BD4B017B44217004A0C70 /* Frameworks */,
				DD4BD4B117B44217004A0C70 /* Resources */,
			);
			buildRules = (
			);
			dependencies = (
			);
			name = "Pace Race";
			productName = "Pace Race";
			productReference = DD4BD4B317B44217004A0C70 /* Pace Race.app */;
			productType = "com.apple.product-type.application";
		};
		DD4BD4D817B44217004A0C70 /* Pace RaceTests */ = {
			isa = PBXNativeTarget;
			buildConfigurationList = DD4BD4EE17B44217004A0C70 /* Build configuration list for PBXNativeTarget "Pace RaceTests" */;
			buildPhases = (
				DD4BD4D417B44217004A0C70 /* Sources */,
				DD4BD4D517B44217004A0C70 /* Frameworks */,
				DD4BD4D617B44217004A0C70 /* Resources */,
				DD4BD4D717B44217004A0C70 /* ShellScript */,
			);
			buildRules = (
			);
			dependencies = (
				DD4BD4DF17B44217004A0C70 /* PBXTargetDependency */,
			);
			name = "Pace RaceTests";
			productName = "Pace RaceTests";
			productReference = DD4BD4D917B44217004A0C70 /* Pace RaceTests.octest */;
			productType = "com.apple.product-type.bundle";
		};
/* End PBXNativeTarget section */

/* Begin PBXProject section */
		DD4BD4AB17B44217004A0C70 /* Project object */ = {
			isa = PBXProject;
			attributes = {
				LastUpgradeCheck = 0460;
				ORGANIZATIONNAME = "Craig Hewitt";
			};
			buildConfigurationList = DD4BD4AE17B44217004A0C70 /* Build configuration list for PBXProject "Pace Race" */;
			compatibilityVersion = "Xcode 3.2";
			developmentRegion = English;
			hasScannedForEncodings = 0;
			knownRegions = (
				en,
			);
			mainGroup = DD4BD4AA17B44217004A0C70;
			productRefGroup = DD4BD4B417B44217004A0C70 /* Products */;
			projectDirPath = "";
			projectRoot = "";
			targets = (
				DD4BD4B217B44217004A0C70 /* Pace Race */,
				DD4BD4D817B44217004A0C70 /* Pace RaceTests */,
			);
		};
/* End PBXProject section */

/* Begin PBXResourcesBuildPhase section */
		DD4BD4B117B44217004A0C70 /* Resources */ = {
			isa = PBXResourcesBuildPhase;
			buildActionMask = 2147483647;
			files = (
				DD4BD4C117B44217004A0C70 /* InfoPlist.strings in Resources */,
				DD4BD4C917B44217004A0C70 /* Default.png in Resources */,
				DD4BD4CB17B44217004A0C70 /* Default@2x.png in Resources */,
				DD4BD4CD17B44217004A0C70 /* Default-568h@2x.png in Resources */,
				DD4BD4D017B44217004A0C70 /* MainStoryboard.storyboard in Resources */,
				DD8CE1A717C9AF6E00F48885 /* menu.png in Resources */,
				DDA15F6D17E0013500B0A6CF /* CHANGELOG.md in Resources */,
				DD7956991808E03F00844A38 /* UserDefaults.plist in Resources */,
				DD79565217FDFE3C00844A38 /* 20-gear2.png in Resources */,
			);
			runOnlyForDeploymentPostprocessing = 0;
		};
		DD4BD4D617B44217004A0C70 /* Resources */ = {
			isa = PBXResourcesBuildPhase;
			buildActionMask = 2147483647;
			files = (
				DD4BD4E517B44217004A0C70 /* InfoPlist.strings in Resources */,
			);
			runOnlyForDeploymentPostprocessing = 0;
		};
/* End PBXResourcesBuildPhase section */

/* Begin PBXShellScriptBuildPhase section */
		DD4BD4D717B44217004A0C70 /* ShellScript */ = {
			isa = PBXShellScriptBuildPhase;
			buildActionMask = 2147483647;
			files = (
			);
			inputPaths = (
			);
			outputPaths = (
			);
			runOnlyForDeploymentPostprocessing = 0;
			shellPath = /bin/sh;
			shellScript = "# Run the unit tests in this test bundle.\n\"${SYSTEM_DEVELOPER_DIR}/Tools/RunUnitTests\"\n";
		};
/* End PBXShellScriptBuildPhase section */

/* Begin PBXSourcesBuildPhase section */
		DD4BD4AF17B44217004A0C70 /* Sources */ = {
			isa = PBXSourcesBuildPhase;
			buildActionMask = 2147483647;
			files = (
				DD4BD4C317B44217004A0C70 /* main.m in Sources */,
				DD79564717FB402F00844A38 /* CreateGroupViewController.m in Sources */,
				DD4BD4C717B44217004A0C70 /* AppDelegate.m in Sources */,
				DD7956871807A04A00844A38 /* SetWeightViewController.m in Sources */,
				DD8CE15F17C6F6C700F48885 /* SWRevealViewController.m in Sources */,
				DD8CE17617C99C4100F48885 /* LoginViewController.m in Sources */,
				DD79567C1807987500844A38 /* SetGenderViewController.m in Sources */,
				DDB2526B17F79BCD0090D210 /* SoloRunViewController.m in Sources */,
				DD79565017FD078B00844A38 /* Store.m in Sources */,
				DD8CE17C17C9A13900F48885 /* RaceHistoryViewController.m in Sources */,
				DD8CE17F17C9A41D00F48885 /* ConnectViewController.m in Sources */,
				DD8CE18217C9A4F500F48885 /* NextRunViewController.m in Sources */,
				DDB2527117FB12F50090D210 /* MatchupGroupListViewController.m in Sources */,
				DD7956931808D1D600844A38 /* SetUsernameViewController.m in Sources */,
				DD8CE18517C9A96E00F48885 /* MainViewController.m in Sources */,
				DD8CE1A517C9AEAA00F48885 /* SidebarViewController.m in Sources */,
				DD8F094517E1492A008EBE5D /* Entity.m in Sources */,
				DD8F095217E1546A008EBE5D /* FacebookLoginViewController.m in Sources */,
				DDB2526817F79B590090D210 /* StartRunTimerViewController.m in Sources */,
				DD8F096317E15E3A008EBE5D /* TwitterLoginViewController.m in Sources */,
				DD79564A17FB411E00844A38 /* mydatamodel.xcdatamodeld in Sources */,
				DD8F096E17E16667008EBE5D /* NSData+Base64.m in Sources */,
				DDB2526E17F79CBB0090D210 /* RaceFinishedViewController.m in Sources */,
				DD79568D18086FBC00844A38 /* SetHeightViewController.m in Sources */,
				DD8F096F17E16667008EBE5D /* OAuth+Additions.m in Sources */,
				DD8F097017E16667008EBE5D /* OAuthCore.m in Sources */,
				DD8F097117E16667008EBE5D /* SMTwitterCredentials.m in Sources */,
				DD795690180879E700844A38 /* SetLocationViewController.m in Sources */,
				DD8F098117E2C180008EBE5D /* User.m in Sources */,
				DD79564D17FB448700844A38 /* Groups.m in Sources */,
				DD7956811807A03100844A38 /* SetAgeViewController.m in Sources */,
				DD8F098417E2C4A4008EBE5D /* CreateUserViewController.m in Sources */,
				DD8F099317E3A854008EBE5D /* MatchupListViewController.m in Sources */,
				DD8F099917E75893008EBE5D /* HomeViewController.m in Sources */,
				DD79566117FE0E2000844A38 /* PreferencesListViewController.m in Sources */,
				DD8F099C17E79A3F008EBE5D /* Todo.m in Sources */,
			);
			runOnlyForDeploymentPostprocessing = 0;
		};
		DD4BD4D417B44217004A0C70 /* Sources */ = {
			isa = PBXSourcesBuildPhase;
			buildActionMask = 2147483647;
			files = (
				DD4BD4E817B44217004A0C70 /* Pace_RaceTests.m in Sources */,
			);
			runOnlyForDeploymentPostprocessing = 0;
		};
/* End PBXSourcesBuildPhase section */

/* Begin PBXTargetDependency section */
		DD4BD4DF17B44217004A0C70 /* PBXTargetDependency */ = {
			isa = PBXTargetDependency;
			target = DD4BD4B217B44217004A0C70 /* Pace Race */;
			targetProxy = DD4BD4DE17B44217004A0C70 /* PBXContainerItemProxy */;
		};
/* End PBXTargetDependency section */

/* Begin PBXVariantGroup section */
		DD4BD4BF17B44217004A0C70 /* InfoPlist.strings */ = {
			isa = PBXVariantGroup;
			children = (
				DD4BD4C017B44217004A0C70 /* en */,
			);
			name = InfoPlist.strings;
			sourceTree = "<group>";
		};
		DD4BD4CE17B44217004A0C70 /* MainStoryboard.storyboard */ = {
			isa = PBXVariantGroup;
			children = (
				DD4BD4CF17B44217004A0C70 /* en */,
			);
			name = MainStoryboard.storyboard;
			sourceTree = "<group>";
		};
		DD4BD4E317B44217004A0C70 /* InfoPlist.strings */ = {
			isa = PBXVariantGroup;
			children = (
				DD4BD4E417B44217004A0C70 /* en */,
			);
			name = InfoPlist.strings;
			sourceTree = "<group>";
		};
/* End PBXVariantGroup section */

/* Begin XCBuildConfiguration section */
		DD4BD4E917B44217004A0C70 /* Debug */ = {
			isa = XCBuildConfiguration;
			buildSettings = {
				ALWAYS_SEARCH_USER_PATHS = NO;
				CLANG_CXX_LANGUAGE_STANDARD = "gnu++0x";
				CLANG_CXX_LIBRARY = "libc++";
				CLANG_ENABLE_OBJC_ARC = YES;
				CLANG_WARN_CONSTANT_CONVERSION = YES;
				CLANG_WARN_EMPTY_BODY = YES;
				CLANG_WARN_ENUM_CONVERSION = YES;
				CLANG_WARN_INT_CONVERSION = YES;
				CLANG_WARN__DUPLICATE_METHOD_MATCH = YES;
				"CODE_SIGN_IDENTITY[sdk=iphoneos*]" = "iPhone Developer";
				COPY_PHASE_STRIP = NO;
				GCC_C_LANGUAGE_STANDARD = gnu99;
				GCC_DYNAMIC_NO_PIC = NO;
				GCC_OPTIMIZATION_LEVEL = 0;
				GCC_PREPROCESSOR_DEFINITIONS = (
					"DEBUG=1",
					"$(inherited)",
				);
				GCC_SYMBOLS_PRIVATE_EXTERN = NO;
				GCC_WARN_ABOUT_RETURN_TYPE = YES;
				GCC_WARN_UNINITIALIZED_AUTOS = YES;
				GCC_WARN_UNUSED_VARIABLE = YES;
				IPHONEOS_DEPLOYMENT_TARGET = 6.1;
				ONLY_ACTIVE_ARCH = YES;
				SDKROOT = iphoneos;
			};
			name = Debug;
		};
		DD4BD4EA17B44217004A0C70 /* Release */ = {
			isa = XCBuildConfiguration;
			buildSettings = {
				ALWAYS_SEARCH_USER_PATHS = NO;
				CLANG_CXX_LANGUAGE_STANDARD = "gnu++0x";
				CLANG_CXX_LIBRARY = "libc++";
				CLANG_ENABLE_OBJC_ARC = YES;
				CLANG_WARN_CONSTANT_CONVERSION = YES;
				CLANG_WARN_EMPTY_BODY = YES;
				CLANG_WARN_ENUM_CONVERSION = YES;
				CLANG_WARN_INT_CONVERSION = YES;
				CLANG_WARN__DUPLICATE_METHOD_MATCH = YES;
				"CODE_SIGN_IDENTITY[sdk=iphoneos*]" = "iPhone Developer";
				COPY_PHASE_STRIP = YES;
				GCC_C_LANGUAGE_STANDARD = gnu99;
				GCC_WARN_ABOUT_RETURN_TYPE = YES;
				GCC_WARN_UNINITIALIZED_AUTOS = YES;
				GCC_WARN_UNUSED_VARIABLE = YES;
				IPHONEOS_DEPLOYMENT_TARGET = 6.1;
				OTHER_CFLAGS = "-DNS_BLOCK_ASSERTIONS=1";
				SDKROOT = iphoneos;
				VALIDATE_PRODUCT = YES;
			};
			name = Release;
		};
		DD4BD4EC17B44217004A0C70 /* Debug */ = {
			isa = XCBuildConfiguration;
			buildSettings = {
				FRAMEWORK_SEARCH_PATHS = (
					"$(inherited)",
					"\"$(SRCROOT)/../../Documents/FacebookSDK\"",
				);
				GCC_PRECOMPILE_PREFIX_HEADER = YES;
				GCC_PREFIX_HEADER = "Pace Race/Pace Race-Prefix.pch";
				INFOPLIST_FILE = "Pace Race/Pace Race-Info.plist";
				LIBRARY_SEARCH_PATHS = (
					"$(inherited)",
					"\"$(SRCROOT)/StackMob-v2.1.1\"",
				);
				OTHER_LDFLAGS = (
					"-ObjC",
					"-lsqlite3.0",
				);
				PRODUCT_NAME = "$(TARGET_NAME)";
				WRAPPER_EXTENSION = app;
			};
			name = Debug;
		};
		DD4BD4ED17B44217004A0C70 /* Release */ = {
			isa = XCBuildConfiguration;
			buildSettings = {
				FRAMEWORK_SEARCH_PATHS = (
					"$(inherited)",
					"\"$(SRCROOT)/../../Documents/FacebookSDK\"",
				);
				GCC_PRECOMPILE_PREFIX_HEADER = YES;
				GCC_PREFIX_HEADER = "Pace Race/Pace Race-Prefix.pch";
				INFOPLIST_FILE = "Pace Race/Pace Race-Info.plist";
				LIBRARY_SEARCH_PATHS = (
					"$(inherited)",
					"\"$(SRCROOT)/StackMob-v2.1.1\"",
				);
				OTHER_LDFLAGS = (
					"-ObjC",
					"-lsqlite3.0",
				);
				PRODUCT_NAME = "$(TARGET_NAME)";
				WRAPPER_EXTENSION = app;
			};
			name = Release;
		};
		DD4BD4EF17B44217004A0C70 /* Debug */ = {
			isa = XCBuildConfiguration;
			buildSettings = {
				BUNDLE_LOADER = "$(BUILT_PRODUCTS_DIR)/Pace Race.app/Pace Race";
				FRAMEWORK_SEARCH_PATHS = (
					"\"$(SDKROOT)/Developer/Library/Frameworks\"",
					"\"$(DEVELOPER_LIBRARY_DIR)/Frameworks\"",
				);
				GCC_PRECOMPILE_PREFIX_HEADER = YES;
				GCC_PREFIX_HEADER = "Pace Race/Pace Race-Prefix.pch";
				INFOPLIST_FILE = "Pace RaceTests/Pace RaceTests-Info.plist";
				PRODUCT_NAME = "$(TARGET_NAME)";
				TEST_HOST = "$(BUNDLE_LOADER)";
				WRAPPER_EXTENSION = octest;
			};
			name = Debug;
		};
		DD4BD4F017B44217004A0C70 /* Release */ = {
			isa = XCBuildConfiguration;
			buildSettings = {
				BUNDLE_LOADER = "$(BUILT_PRODUCTS_DIR)/Pace Race.app/Pace Race";
				FRAMEWORK_SEARCH_PATHS = (
					"\"$(SDKROOT)/Developer/Library/Frameworks\"",
					"\"$(DEVELOPER_LIBRARY_DIR)/Frameworks\"",
				);
				GCC_PRECOMPILE_PREFIX_HEADER = YES;
				GCC_PREFIX_HEADER = "Pace Race/Pace Race-Prefix.pch";
				INFOPLIST_FILE = "Pace RaceTests/Pace RaceTests-Info.plist";
				PRODUCT_NAME = "$(TARGET_NAME)";
				TEST_HOST = "$(BUNDLE_LOADER)";
				WRAPPER_EXTENSION = octest;
			};
			name = Release;
		};
/* End XCBuildConfiguration section */

/* Begin XCConfigurationList section */
		DD4BD4AE17B44217004A0C70 /* Build configuration list for PBXProject "Pace Race" */ = {
			isa = XCConfigurationList;
			buildConfigurations = (
				DD4BD4E917B44217004A0C70 /* Debug */,
				DD4BD4EA17B44217004A0C70 /* Release */,
			);
			defaultConfigurationIsVisible = 0;
			defaultConfigurationName = Release;
		};
		DD4BD4EB17B44217004A0C70 /* Build configuration list for PBXNativeTarget "Pace Race" */ = {
			isa = XCConfigurationList;
			buildConfigurations = (
				DD4BD4EC17B44217004A0C70 /* Debug */,
				DD4BD4ED17B44217004A0C70 /* Release */,
			);
			defaultConfigurationIsVisible = 0;
			defaultConfigurationName = Release;
		};
		DD4BD4EE17B44217004A0C70 /* Build configuration list for PBXNativeTarget "Pace RaceTests" */ = {
			isa = XCConfigurationList;
			buildConfigurations = (
				DD4BD4EF17B44217004A0C70 /* Debug */,
				DD4BD4F017B44217004A0C70 /* Release */,
			);
			defaultConfigurationIsVisible = 0;
			defaultConfigurationName = Release;
		};
/* End XCConfigurationList section */

/* Begin XCVersionGroup section */
		DD79564817FB411E00844A38 /* mydatamodel.xcdatamodeld */ = {
			isa = XCVersionGroup;
			children = (
				DD79564917FB411E00844A38 /* mydatamodel.xcdatamodel */,
			);
			currentVersion = DD79564917FB411E00844A38 /* mydatamodel.xcdatamodel */;
			path = mydatamodel.xcdatamodeld;
			sourceTree = "<group>";
			versionGroupType = wrapper.xcdatamodel;
		};
/* End XCVersionGroup section */
	};
	rootObject = DD4BD4AB17B44217004A0C70 /* Project object */;
}
